
Microsoft Visual Studio Solution File, Format Version 12.00
# Visual Studio Version 16
VisualStudioVersion = 16.0.31410.357
MinimumVisualStudioVersion = 10.0.40219.1
Project("{FAE04EC0-301F-11D3-BF4B-00C04F79EFBC}") = "CSC240-02-01-ArrayDemo1-bpc1", "CSC240-02-01-ArrayDemo1-bpc1.csproj", "{632586A8-979B-4EB7-A3BC-E5F421DDD229}"
EndProject
Global
	GlobalSection(SolutionConfigurationPlatforms) = preSolution
		Debug|Any CPU = Debug|Any CPU
		Release|Any CPU = Release|Any CPU
	EndGlobalSection
	GlobalSection(ProjectConfigurationPlatforms) = postSolution
		{632586A8-979B-4EB7-A3BC-E5F421DDD229}.Debug|Any CPU.ActiveCfg = Debug|Any CPU
		{632586A8-979B-4EB7-A3BC-E5F421DDD229}.Debug|Any CPU.Build.0 = Debug|Any CPU
		{632586A8-979B-4EB7-A3BC-E5F421DDD229}.Release|Any CPU.ActiveCfg = Release|Any CPU
		{632586A8-979B-4EB7-A3BC-E5F421DDD229}.Release|Any CPU.Build.0 = Release|Any CPU
	EndGlobalSection
	GlobalSection(SolutionProperties) = preSolution
		HideSolutionNode = FALSE
	EndGlobalSection
	GlobalSection(ExtensibilityGlobals) = postSolution
		SolutionGuid = {1440FEEC-6C46-4996-A53E-E2B4729A754E}
	EndGlobalSection
EndGlobal
